# This file is generated by running "yarn install" inside your project.
# Manual changes might be lost - proceed with caution!

__metadata:
  version: 8
  cacheKey: 10c0

"bitecs@npm:^0.3.40":
  version: 0.3.40
  resolution: "bitecs@npm:0.3.40"
  checksum: 10c0/bb83221c63f850b7ab0d34176531f78b66b136434b85754040d4bc335c90702fb51c387c4983de5aa1dae24db7d523d3b6d32e25019ceaa9d77feed9f85cbe39
  languageName: node
  linkType: hard

"shared@workspace:.":
  version: 0.0.0-use.local
  resolution: "shared@workspace:."
  dependencies:
    bitecs: "npm:^0.3.40"
  languageName: unknown
  linkType: soft
