# THIS IS AN AUTOGENERATED FILE. DO NOT EDIT THIS FILE DIRECTLY.
# yarn lockfile v1


bitecs@^0.3.40:
  version "0.3.40"
  resolved "https://registry.yarnpkg.com/bitecs/-/bitecs-0.3.40.tgz#c7d9aedb844ee98e455b6db9ae804da7e8fb6805"
  integrity sha512-wAylY4pNfX8IeIH5phtwt1lUNtHKrkoSNrArI7Ris2Y4nEQWFIVvXdgAuqprEg9bq8Wolmlj0gVfeG6MFmtI2Q==
